
Microsoft Visual Studio Solution File, Format Version 12.00
# Visual Studio 15
VisualStudioVersion = 15.0.27703.2026
MinimumVisualStudioVersion = 10.0.40219.1
Project("{FAE04EC0-301F-11D3-BF4B-00C04F79EFBC}") = "XF.LocalDB.Android", "XF.LocalDB\XF.LocalDB.Android\XF.LocalDB.Android.csproj", "{081F1A8F-1C59-4838-88EC-EB4E6847531B}"
EndProject
Project("{FAE04EC0-301F-11D3-BF4B-00C04F79EFBC}") = "XF.LocalDB.iOS", "XF.LocalDB\XF.LocalDB.iOS\XF.LocalDB.iOS.csproj", "{CA4AA8D7-F74F-4832-96FA-BA180D9B9668}"
EndProject
Project("{FAE04EC0-301F-11D3-BF4B-00C04F79EFBC}") = "XF.LocalDB", "XF.LocalDB\XF.LocalDB\XF.LocalDB.csproj", "{68C6ED90-D72C-4D8F-8995-2B44B53909FD}"
EndProject
Global
	GlobalSection(SolutionConfigurationPlatforms) = preSolution
		Ad-Hoc|Any CPU = Ad-Hoc|Any CPU
		Ad-Hoc|iPhone = Ad-Hoc|iPhone
		Ad-Hoc|iPhoneSimulator = Ad-Hoc|iPhoneSimulator
		AppStore|Any CPU = AppStore|Any CPU
		AppStore|iPhone = AppStore|iPhone
		AppStore|iPhoneSimulator = AppStore|iPhoneSimulator
		Debug|Any CPU = Debug|Any CPU
		Debug|iPhone = Debug|iPhone
		Debug|iPhoneSimulator = Debug|iPhoneSimulator
		Release|Any CPU = Release|Any CPU
		Release|iPhone = Release|iPhone
		Release|iPhoneSimulator = Release|iPhoneSimulator
	EndGlobalSection
	GlobalSection(ProjectConfigurationPlatforms) = postSolution
		{081F1A8F-1C59-4838-88EC-EB4E6847531B}.Ad-Hoc|Any CPU.ActiveCfg = Release|Any CPU
		{081F1A8F-1C59-4838-88EC-EB4E6847531B}.Ad-Hoc|Any CPU.Build.0 = Release|Any CPU
		{081F1A8F-1C59-4838-88EC-EB4E6847531B}.Ad-Hoc|Any CPU.Deploy.0 = Release|Any CPU
		{081F1A8F-1C59-4838-88EC-EB4E6847531B}.Ad-Hoc|iPhone.ActiveCfg = Release|Any CPU
		{081F1A8F-1C59-4838-88EC-EB4E6847531B}.Ad-Hoc|iPhone.Build.0 = Release|Any CPU
		{081F1A8F-1C59-4838-88EC-EB4E6847531B}.Ad-Hoc|iPhone.Deploy.0 = Release|Any CPU
		{081F1A8F-1C59-4838-88EC-EB4E6847531B}.Ad-Hoc|iPhoneSimulator.ActiveCfg = Release|Any CPU
		{081F1A8F-1C59-4838-88EC-EB4E6847531B}.Ad-Hoc|iPhoneSimulator.Build.0 = Release|Any CPU
		{081F1A8F-1C59-4838-88EC-EB4E6847531B}.Ad-Hoc|iPhoneSimulator.Deploy.0 = Release|Any CPU
		{081F1A8F-1C59-4838-88EC-EB4E6847531B}.AppStore|Any CPU.ActiveCfg = Release|Any CPU
		{081F1A8F-1C59-4838-88EC-EB4E6847531B}.AppStore|Any CPU.Build.0 = Release|Any CPU
		{081F1A8F-1C59-4838-88EC-EB4E6847531B}.AppStore|Any CPU.Deploy.0 = Release|Any CPU
		{081F1A8F-1C59-4838-88EC-EB4E6847531B}.AppStore|iPhone.ActiveCfg = Release|Any CPU
		{081F1A8F-1C59-4838-88EC-EB4E6847531B}.AppStore|iPhone.Build.0 = Release|Any CPU
		{081F1A8F-1C59-4838-88EC-EB4E6847531B}.AppStore|iPhone.Deploy.0 = Release|Any CPU
		{081F1A8F-1C59-4838-88EC-EB4E6847531B}.AppStore|iPhoneSimulator.ActiveCfg = Release|Any CPU
		{081F1A8F-1C59-4838-88EC-EB4E6847531B}.AppStore|iPhoneSimulator.Build.0 = Release|Any CPU
		{081F1A8F-1C59-4838-88EC-EB4E6847531B}.AppStore|iPhoneSimulator.Deploy.0 = Release|Any CPU
		{081F1A8F-1C59-4838-88EC-EB4E6847531B}.Debug|Any CPU.ActiveCfg = Debug|Any CPU
		{081F1A8F-1C59-4838-88EC-EB4E6847531B}.Debug|Any CPU.Build.0 = Debug|Any CPU
		{081F1A8F-1C59-4838-88EC-EB4E6847531B}.Debug|Any CPU.Deploy.0 = Debug|Any CPU
		{081F1A8F-1C59-4838-88EC-EB4E6847531B}.Debug|iPhone.ActiveCfg = Debug|Any CPU
		{081F1A8F-1C59-4838-88EC-EB4E6847531B}.Debug|iPhone.Build.0 = Debug|Any CPU
		{081F1A8F-1C59-4838-88EC-EB4E6847531B}.Debug|iPhone.Deploy.0 = Debug|Any CPU
		{081F1A8F-1C59-4838-88EC-EB4E6847531B}.Debug|iPhoneSimulator.ActiveCfg = Debug|Any CPU
		{081F1A8F-1C59-4838-88EC-EB4E6847531B}.Debug|iPhoneSimulator.Build.0 = Debug|Any CPU
		{081F1A8F-1C59-4838-88EC-EB4E6847531B}.Debug|iPhoneSimulator.Deploy.0 = Debug|Any CPU
		{081F1A8F-1C59-4838-88EC-EB4E6847531B}.Release|Any CPU.ActiveCfg = Release|Any CPU
		{081F1A8F-1C59-4838-88EC-EB4E6847531B}.Release|Any CPU.Build.0 = Release|Any CPU
		{081F1A8F-1C59-4838-88EC-EB4E6847531B}.Release|Any CPU.Deploy.0 = Release|Any CPU
		{081F1A8F-1C59-4838-88EC-EB4E6847531B}.Release|iPhone.ActiveCfg = Release|Any CPU
		{081F1A8F-1C59-4838-88EC-EB4E6847531B}.Release|iPhone.Build.0 = Release|Any CPU
		{081F1A8F-1C59-4838-88EC-EB4E6847531B}.Release|iPhone.Deploy.0 = Release|Any CPU
		{081F1A8F-1C59-4838-88EC-EB4E6847531B}.Release|iPhoneSimulator.ActiveCfg = Release|Any CPU
		{081F1A8F-1C59-4838-88EC-EB4E6847531B}.Release|iPhoneSimulator.Build.0 = Release|Any CPU
		{081F1A8F-1C59-4838-88EC-EB4E6847531B}.Release|iPhoneSimulator.Deploy.0 = Release|Any CPU
		{CA4AA8D7-F74F-4832-96FA-BA180D9B9668}.Ad-Hoc|Any CPU.ActiveCfg = Ad-Hoc|iPhone
		{CA4AA8D7-F74F-4832-96FA-BA180D9B9668}.Ad-Hoc|Any CPU.Build.0 = Ad-Hoc|iPhone
		{CA4AA8D7-F74F-4832-96FA-BA180D9B9668}.Ad-Hoc|Any CPU.Deploy.0 = Ad-Hoc|iPhone
		{CA4AA8D7-F74F-4832-96FA-BA180D9B9668}.Ad-Hoc|iPhone.ActiveCfg = Ad-Hoc|iPhone
		{CA4AA8D7-F74F-4832-96FA-BA180D9B9668}.Ad-Hoc|iPhone.Build.0 = Ad-Hoc|iPhone
		{CA4AA8D7-F74F-4832-96FA-BA180D9B9668}.Ad-Hoc|iPhone.Deploy.0 = Ad-Hoc|iPhone
		{CA4AA8D7-F74F-4832-96FA-BA180D9B9668}.Ad-Hoc|iPhoneSimulator.ActiveCfg = Ad-Hoc|iPhoneSimulator
		{CA4AA8D7-F74F-4832-96FA-BA180D9B9668}.Ad-Hoc|iPhoneSimulator.Build.0 = Ad-Hoc|iPhoneSimulator
		{CA4AA8D7-F74F-4832-96FA-BA180D9B9668}.Ad-Hoc|iPhoneSimulator.Deploy.0 = Ad-Hoc|iPhoneSimulator
		{CA4AA8D7-F74F-4832-96FA-BA180D9B9668}.AppStore|Any CPU.ActiveCfg = AppStore|iPhone
		{CA4AA8D7-F74F-4832-96FA-BA180D9B9668}.AppStore|Any CPU.Build.0 = AppStore|iPhone
		{CA4AA8D7-F74F-4832-96FA-BA180D9B9668}.AppStore|Any CPU.Deploy.0 = AppStore|iPhone
		{CA4AA8D7-F74F-4832-96FA-BA180D9B9668}.AppStore|iPhone.ActiveCfg = AppStore|iPhone
		{CA4AA8D7-F74F-4832-96FA-BA180D9B9668}.AppStore|iPhone.Build.0 = AppStore|iPhone
		{CA4AA8D7-F74F-4832-96FA-BA180D9B9668}.AppStore|iPhone.Deploy.0 = AppStore|iPhone
		{CA4AA8D7-F74F-4832-96FA-BA180D9B9668}.AppStore|iPhoneSimulator.ActiveCfg = AppStore|iPhoneSimulator
		{CA4AA8D7-F74F-4832-96FA-BA180D9B9668}.AppStore|iPhoneSimulator.Build.0 = AppStore|iPhoneSimulator
		{CA4AA8D7-F74F-4832-96FA-BA180D9B9668}.AppStore|iPhoneSimulator.Deploy.0 = AppStore|iPhoneSimulator
		{CA4AA8D7-F74F-4832-96FA-BA180D9B9668}.Debug|Any CPU.ActiveCfg = Debug|iPhoneSimulator
		{CA4AA8D7-F74F-4832-96FA-BA180D9B9668}.Debug|Any CPU.Build.0 = Debug|iPhoneSimulator
		{CA4AA8D7-F74F-4832-96FA-BA180D9B9668}.Debug|Any CPU.Deploy.0 = Debug|iPhoneSimulator
		{CA4AA8D7-F74F-4832-96FA-BA180D9B9668}.Debug|iPhone.ActiveCfg = Debug|iPhone
		{CA4AA8D7-F74F-4832-96FA-BA180D9B9668}.Debug|iPhone.Build.0 = Debug|iPhone
		{CA4AA8D7-F74F-4832-96FA-BA180D9B9668}.Debug|iPhone.Deploy.0 = Debug|iPhone
		{CA4AA8D7-F74F-4832-96FA-BA180D9B9668}.Debug|iPhoneSimulator.ActiveCfg = Debug|iPhoneSimulator
		{CA4AA8D7-F74F-4832-96FA-BA180D9B9668}.Debug|iPhoneSimulator.Build.0 = Debug|iPhoneSimulator
		{CA4AA8D7-F74F-4832-96FA-BA180D9B9668}.Debug|iPhoneSimulator.Deploy.0 = Debug|iPhoneSimulator
		{CA4AA8D7-F74F-4832-96FA-BA180D9B9668}.Release|Any CPU.ActiveCfg = Release|iPhone
		{CA4AA8D7-F74F-4832-96FA-BA180D9B9668}.Release|Any CPU.Build.0 = Release|iPhone
		{CA4AA8D7-F74F-4832-96FA-BA180D9B9668}.Release|Any CPU.Deploy.0 = Release|iPhone
		{CA4AA8D7-F74F-4832-96FA-BA180D9B9668}.Release|iPhone.ActiveCfg = Release|iPhone
		{CA4AA8D7-F74F-4832-96FA-BA180D9B9668}.Release|iPhone.Build.0 = Release|iPhone
		{CA4AA8D7-F74F-4832-96FA-BA180D9B9668}.Release|iPhone.Deploy.0 = Release|iPhone
		{CA4AA8D7-F74F-4832-96FA-BA180D9B9668}.Release|iPhoneSimulator.ActiveCfg = Release|iPhoneSimulator
		{CA4AA8D7-F74F-4832-96FA-BA180D9B9668}.Release|iPhoneSimulator.Build.0 = Release|iPhoneSimulator
		{CA4AA8D7-F74F-4832-96FA-BA180D9B9668}.Release|iPhoneSimulator.Deploy.0 = Release|iPhoneSimulator
		{68C6ED90-D72C-4D8F-8995-2B44B53909FD}.Ad-Hoc|Any CPU.ActiveCfg = Debug|Any CPU
		{68C6ED90-D72C-4D8F-8995-2B44B53909FD}.Ad-Hoc|Any CPU.Build.0 = Debug|Any CPU
		{68C6ED90-D72C-4D8F-8995-2B44B53909FD}.Ad-Hoc|Any CPU.Deploy.0 = Debug|Any CPU
		{68C6ED90-D72C-4D8F-8995-2B44B53909FD}.Ad-Hoc|iPhone.ActiveCfg = Debug|Any CPU
		{68C6ED90-D72C-4D8F-8995-2B44B53909FD}.Ad-Hoc|iPhone.Build.0 = Debug|Any CPU
		{68C6ED90-D72C-4D8F-8995-2B44B53909FD}.Ad-Hoc|iPhone.Deploy.0 = Debug|Any CPU
		{68C6ED90-D72C-4D8F-8995-2B44B53909FD}.Ad-Hoc|iPhoneSimulator.ActiveCfg = Debug|Any CPU
		{68C6ED90-D72C-4D8F-8995-2B44B53909FD}.Ad-Hoc|iPhoneSimulator.Build.0 = Debug|Any CPU
		{68C6ED90-D72C-4D8F-8995-2B44B53909FD}.Ad-Hoc|iPhoneSimulator.Deploy.0 = Debug|Any CPU
		{68C6ED90-D72C-4D8F-8995-2B44B53909FD}.AppStore|Any CPU.ActiveCfg = Debug|Any CPU
		{68C6ED90-D72C-4D8F-8995-2B44B53909FD}.AppStore|Any CPU.Build.0 = Debug|Any CPU
		{68C6ED90-D72C-4D8F-8995-2B44B53909FD}.AppStore|Any CPU.Deploy.0 = Debug|Any CPU
		{68C6ED90-D72C-4D8F-8995-2B44B53909FD}.AppStore|iPhone.ActiveCfg = Debug|Any CPU
		{68C6ED90-D72C-4D8F-8995-2B44B53909FD}.AppStore|iPhone.Build.0 = Debug|Any CPU
		{68C6ED90-D72C-4D8F-8995-2B44B53909FD}.AppStore|iPhone.Deploy.0 = Debug|Any CPU
		{68C6ED90-D72C-4D8F-8995-2B44B53909FD}.AppStore|iPhoneSimulator.ActiveCfg = Debug|Any CPU
		{68C6ED90-D72C-4D8F-8995-2B44B53909FD}.AppStore|iPhoneSimulator.Build.0 = Debug|Any CPU
		{68C6ED90-D72C-4D8F-8995-2B44B53909FD}.AppStore|iPhoneSimulator.Deploy.0 = Debug|Any CPU
		{68C6ED90-D72C-4D8F-8995-2B44B53909FD}.Debug|Any CPU.ActiveCfg = Debug|Any CPU
		{68C6ED90-D72C-4D8F-8995-2B44B53909FD}.Debug|Any CPU.Build.0 = Debug|Any CPU
		{68C6ED90-D72C-4D8F-8995-2B44B53909FD}.Debug|Any CPU.Deploy.0 = Debug|Any CPU
		{68C6ED90-D72C-4D8F-8995-2B44B53909FD}.Debug|iPhone.ActiveCfg = Debug|Any CPU
		{68C6ED90-D72C-4D8F-8995-2B44B53909FD}.Debug|iPhone.Build.0 = Debug|Any CPU
		{68C6ED90-D72C-4D8F-8995-2B44B53909FD}.Debug|iPhone.Deploy.0 = Debug|Any CPU
		{68C6ED90-D72C-4D8F-8995-2B44B53909FD}.Debug|iPhoneSimulator.ActiveCfg = Debug|Any CPU
		{68C6ED90-D72C-4D8F-8995-2B44B53909FD}.Debug|iPhoneSimulator.Build.0 = Debug|Any CPU
		{68C6ED90-D72C-4D8F-8995-2B44B53909FD}.Debug|iPhoneSimulator.Deploy.0 = Debug|Any CPU
		{68C6ED90-D72C-4D8F-8995-2B44B53909FD}.Release|Any CPU.ActiveCfg = Release|Any CPU
		{68C6ED90-D72C-4D8F-8995-2B44B53909FD}.Release|Any CPU.Build.0 = Release|Any CPU
		{68C6ED90-D72C-4D8F-8995-2B44B53909FD}.Release|Any CPU.Deploy.0 = Release|Any CPU
		{68C6ED90-D72C-4D8F-8995-2B44B53909FD}.Release|iPhone.ActiveCfg = Release|Any CPU
		{68C6ED90-D72C-4D8F-8995-2B44B53909FD}.Release|iPhone.Build.0 = Release|Any CPU
		{68C6ED90-D72C-4D8F-8995-2B44B53909FD}.Release|iPhone.Deploy.0 = Release|Any CPU
		{68C6ED90-D72C-4D8F-8995-2B44B53909FD}.Release|iPhoneSimulator.ActiveCfg = Release|Any CPU
		{68C6ED90-D72C-4D8F-8995-2B44B53909FD}.Release|iPhoneSimulator.Build.0 = Release|Any CPU
		{68C6ED90-D72C-4D8F-8995-2B44B53909FD}.Release|iPhoneSimulator.Deploy.0 = Release|Any CPU
	EndGlobalSection
	GlobalSection(SolutionProperties) = preSolution
		HideSolutionNode = FALSE
	EndGlobalSection
	GlobalSection(ExtensibilityGlobals) = postSolution
		SolutionGuid = {F9B56BF6-DD71-4C31-A0B5-02C41B477E11}
	EndGlobalSection
EndGlobal
